// !$*UTF8*$!
{
	archiveVersion = 1;
	classes = {
	};
	objectVersion = 60;
	objects = {

/* Begin PBXBuildFile section */
		A10000000000000000000001 /* AppDelegate.swift in Sources */ = {isa = PBXBuildFile; fileRef = B10000000000000000000001 /* AppDelegate.swift */; };
		A10000000000000000000002 /* BaiduFM in Frameworks */ = {isa = PBXBuildFile; productRef = I10000000000000000000002 /* BaiduFM */; };
		A10000000000000000000003 /* PrivacyInfo.xcprivacy in Resources */ = {isa = PBXBuildFile; fileRef = B10000000000000000000003 /* PrivacyInfo.xcprivacy */; };
		A10000000000000000000004 /* Images.xcassets in Resources */ = {isa = PBXBuildFile; fileRef = B10000000000000000000004 /* Images.xcassets */; };
		A10000000000000000000005 /* LaunchScreen.xib in Resources */ = {isa = PBXBuildFile; fileRef = B10000000000000000000005 /* LaunchScreen.xib */; };
/* End PBXBuildFile section */

/* Begin PBXFileReference section */
		B10000000000000000000001 /* AppDelegate.swift */ = {isa = PBXFileReference; lastKnownFileType = sourcecode.swift; path = AppDelegate.swift; sourceTree = "<group>"; };
		B10000000000000000000002 /* Info.plist */ = {isa = PBXFileReference; lastKnownFileType = text.plist.xml; path = Info.plist; sourceTree = "<group>"; };
		B10000000000000000000003 /* PrivacyInfo.xcprivacy */ = {isa = PBXFileReference; lastKnownFileType = text.plist.xml; name = PrivacyInfo.xcprivacy; path = Sources/BaiduFM/PrivacyInfo.xcprivacy; sourceTree = SOURCE_ROOT; };
		B10000000000000000000004 /* Images.xcassets */ = {isa = PBXFileReference; lastKnownFileType = folder.assetcatalog; name = Images.xcassets; path = Sources/BaiduFM/Images.xcassets; sourceTree = SOURCE_ROOT; };
		B10000000000000000000005 /* LaunchScreen.xib */ = {isa = PBXFileReference; lastKnownFileType = file.xib; name = LaunchScreen.xib; path = Sources/BaiduFM/Base.lproj/LaunchScreen.xib; sourceTree = SOURCE_ROOT; };
		B10000000000000000000006 /* Debug.xcconfig */ = {isa = PBXFileReference; lastKnownFileType = text.xcconfig; path = Debug.xcconfig; sourceTree = "<group>"; };
		B10000000000000000000007 /* Release.xcconfig */ = {isa = PBXFileReference; lastKnownFileType = text.xcconfig; path = Release.xcconfig; sourceTree = "<group>"; };
		B10000000000000000000008 /* Shared.xcconfig */ = {isa = PBXFileReference; lastKnownFileType = text.xcconfig; path = Shared.xcconfig; sourceTree = "<group>"; };
		B10000000000000000000009 /* BaiduFMApp.app */ = {isa = PBXFileReference; explicitFileType = wrapper.application; includeInIndex = 0; path = BaiduFMApp.app; sourceTree = BUILT_PRODUCTS_DIR; };
/* End PBXFileReference section */

/* Begin PBXFrameworksBuildPhase section */
		D10000000000000000000002 /* Frameworks */ = {
			isa = PBXFrameworksBuildPhase;
			buildActionMask = 2147483647;
			files = (
				A10000000000000000000002 /* BaiduFM in Frameworks */,
			);
			runOnlyForDeploymentPostprocessing = 0;
		};
/* End PBXFrameworksBuildPhase section */

/* Begin PBXGroup section */
		C10000000000000000000001 = {
			isa = PBXGroup;
			children = (
				C10000000000000000000002 /* BaiduFMApp */,
				C10000000000000000000003 /* Package Resources */,
				C10000000000000000000004 /* Configuration */,
				C10000000000000000000006 /* Frameworks */,
				C10000000000000000000005 /* Products */,
			);
			sourceTree = "<group>";
		};
		C10000000000000000000002 /* BaiduFMApp */ = {
			isa = PBXGroup;
			children = (
				B10000000000000000000001 /* AppDelegate.swift */,
				B10000000000000000000002 /* Info.plist */,
			);
			path = BaiduFMApp;
			sourceTree = "<group>";
		};
		C10000000000000000000003 /* Package Resources */ = {
			isa = PBXGroup;
			children = (
				B10000000000000000000003 /* PrivacyInfo.xcprivacy */,
				B10000000000000000000004 /* Images.xcassets */,
				B10000000000000000000005 /* LaunchScreen.xib */,
			);
			name = "Package Resources";
			sourceTree = "<group>";
		};
		C10000000000000000000004 /* Configuration */ = {
			isa = PBXGroup;
			children = (
				B10000000000000000000008 /* Shared.xcconfig */,
				B10000000000000000000006 /* Debug.xcconfig */,
				B10000000000000000000007 /* Release.xcconfig */,
			);
			path = Configuration;
			sourceTree = "<group>";
		};
		C10000000000000000000005 /* Products */ = {
			isa = PBXGroup;
			children = (
				B10000000000000000000009 /* BaiduFMApp.app */,
			);
			name = Products;
			sourceTree = "<group>";
		};
		C10000000000000000000006 /* Frameworks */ = {
			isa = PBXGroup;
			children = (
			);
			name = Frameworks;
			sourceTree = "<group>";
		};
/* End PBXGroup section */

/* Begin PBXNativeTarget section */
		E10000000000000000000001 /* BaiduFMApp */ = {
			isa = PBXNativeTarget;
			buildConfigurationList = H10000000000000000000002 /* Build configuration list for PBXNativeTarget "BaiduFMApp" */;
			buildPhases = (
				J10000000000000000000001 /* Verify Content Authorization */,
				D10000000000000000000001 /* Sources */,
				D10000000000000000000002 /* Frameworks */,
				D10000000000000000000003 /* Resources */,
			);
			buildRules = (
			);
			dependencies = (
			);
			name = BaiduFMApp;
			packageProductDependencies = (
				I10000000000000000000002 /* BaiduFM */,
			);
			productName = BaiduFMApp;
			productReference = B10000000000000000000009 /* BaiduFMApp.app */;
			productType = "com.apple.product-type.application";
		};
/* End PBXNativeTarget section */

/* Begin PBXProject section */
		F10000000000000000000001 /* Project object */ = {
			isa = PBXProject;
			attributes = {
				BuildIndependentTargetsInParallel = 1;
				LastSwiftUpdateCheck = 2600;
				LastUpgradeCheck = 2600;
				TargetAttributes = {
					E10000000000000000000001 = {
						CreatedOnToolsVersion = 26.0;
					};
				};
			};
			buildConfigurationList = H10000000000000000000001 /* Build configuration list for PBXProject "BaiduFM" */;
			compatibilityVersion = "Xcode 15.0";
			developmentRegion = en;
			hasScannedForEncodings = 0;
			knownRegions = (
				en,
				Base,
				"zh-Hans",
			);
			mainGroup = C10000000000000000000001;
			packageReferences = (
				I10000000000000000000001 /* XCLocalSwiftPackageReference "." */,
			);
			productRefGroup = C10000000000000000000005 /* Products */;
			projectDirPath = "";
			projectRoot = "";
			targets = (
				E10000000000000000000001 /* BaiduFMApp */,
			);
		};
/* End PBXProject section */

/* Begin PBXResourcesBuildPhase section */
		D10000000000000000000003 /* Resources */ = {
			isa = PBXResourcesBuildPhase;
			buildActionMask = 2147483647;
			files = (
				A10000000000000000000003 /* PrivacyInfo.xcprivacy in Resources */,
				A10000000000000000000004 /* Images.xcassets in Resources */,
				A10000000000000000000005 /* LaunchScreen.xib in Resources */,
			);
			runOnlyForDeploymentPostprocessing = 0;
		};
/* End PBXResourcesBuildPhase section */

/* Begin PBXSourcesBuildPhase section */
		D10000000000000000000001 /* Sources */ = {
			isa = PBXSourcesBuildPhase;
			buildActionMask = 2147483647;
			files = (
				A10000000000000000000001 /* AppDelegate.swift in Sources */,
			);
			runOnlyForDeploymentPostprocessing = 0;
		};
/* End PBXSourcesBuildPhase section */

/* Begin PBXShellScriptBuildPhase section */
		J10000000000000000000001 /* Verify Content Authorization */ = {
			isa = PBXShellScriptBuildPhase;
			alwaysOutOfDate = 1;
			buildActionMask = 2147483647;
			files = (
			);
			inputFileListPaths = (
			);
			inputPaths = (
			);
			name = "Verify Content Authorization";
			outputFileListPaths = (
			);
			outputPaths = (
			);
			runOnlyForDeploymentPostprocessing = 0;
			shellPath = /bin/sh;
			shellScript = "if [ \"$CONFIGURATION\" = \"Release\" ] && [ \"$BAIDUFM_CONTENT_PROVIDER_AUTHORIZED\" != \"YES\" ]; then\n  echo \"error: Release builds require written content-provider authorization. Set BAIDUFM_CONTENT_PROVIDER_AUTHORIZED=YES only after the release checklist is satisfied.\"\n  exit 1\nfi\n";
		};
/* End PBXShellScriptBuildPhase section */

/* Begin XCBuildConfiguration section */
		G10000000000000000000001 /* Debug */ = {
			isa = XCBuildConfiguration;
			buildSettings = {
				ALWAYS_SEARCH_USER_PATHS = NO;
				CLANG_ANALYZER_NONNULL = YES;
				CLANG_CXX_LANGUAGE_STANDARD = "gnu++20";
				CLANG_ENABLE_MODULES = YES;
				CLANG_ENABLE_OBJC_ARC = YES;
				COPY_PHASE_STRIP = NO;
				DEBUG_INFORMATION_FORMAT = dwarf;
				ENABLE_TESTABILITY = YES;
				GCC_C_LANGUAGE_STANDARD = gnu17;
				GCC_OPTIMIZATION_LEVEL = 0;
				ONLY_ACTIVE_ARCH = YES;
				SDKROOT = iphoneos;
				SWIFT_OPTIMIZATION_LEVEL = "-Onone";
			};
			name = Debug;
		};
		G10000000000000000000002 /* Release */ = {
			isa = XCBuildConfiguration;
			buildSettings = {
				ALWAYS_SEARCH_USER_PATHS = NO;
				CLANG_ANALYZER_NONNULL = YES;
				CLANG_CXX_LANGUAGE_STANDARD = "gnu++20";
				CLANG_ENABLE_MODULES = YES;
				CLANG_ENABLE_OBJC_ARC = YES;
				COPY_PHASE_STRIP = YES;
				DEBUG_INFORMATION_FORMAT = "dwarf-with-dsym";
				ENABLE_NS_ASSERTIONS = NO;
				GCC_C_LANGUAGE_STANDARD = gnu17;
				SDKROOT = iphoneos;
				SWIFT_OPTIMIZATION_LEVEL = "-O";
			};
			name = Release;
		};
		G10000000000000000000003 /* Debug */ = {
			isa = XCBuildConfiguration;
			baseConfigurationReference = B10000000000000000000006 /* Debug.xcconfig */;
			buildSettings = {
				ASSETCATALOG_COMPILER_APPICON_NAME = AppIcon;
				CODE_SIGN_STYLE = Automatic;
				CURRENT_PROJECT_VERSION = 1;
				ENABLE_USER_SCRIPT_SANDBOXING = YES;
				GENERATE_INFOPLIST_FILE = NO;
				INFOPLIST_FILE = BaiduFMApp/Info.plist;
				LD_RUNPATH_SEARCH_PATHS = (
					"$(inherited)",
					"@executable_path/Frameworks",
				);
				MARKETING_VERSION = 1.0;
				PRODUCT_BUNDLE_IDENTIFIER = com.belmeng.BaiduFM;
				PRODUCT_NAME = "$(TARGET_NAME)";
				SUPPORTED_PLATFORMS = "iphoneos iphonesimulator";
				SWIFT_DEFAULT_ACTOR_ISOLATION = MainActor;
				SWIFT_EMIT_LOC_STRINGS = YES;
				TARGETED_DEVICE_FAMILY = "1,2";
			};
			name = Debug;
		};
		G10000000000000000000004 /* Release */ = {
			isa = XCBuildConfiguration;
			baseConfigurationReference = B10000000000000000000007 /* Release.xcconfig */;
			buildSettings = {
				ASSETCATALOG_COMPILER_APPICON_NAME = AppIcon;
				CODE_SIGN_STYLE = Automatic;
				CURRENT_PROJECT_VERSION = 1;
				ENABLE_USER_SCRIPT_SANDBOXING = YES;
				GENERATE_INFOPLIST_FILE = NO;
				INFOPLIST_FILE = BaiduFMApp/Info.plist;
				LD_RUNPATH_SEARCH_PATHS = (
					"$(inherited)",
					"@executable_path/Frameworks",
				);
				MARKETING_VERSION = 1.0;
				PRODUCT_BUNDLE_IDENTIFIER = com.belmeng.BaiduFM;
				PRODUCT_NAME = "$(TARGET_NAME)";
				SUPPORTED_PLATFORMS = "iphoneos iphonesimulator";
				SWIFT_DEFAULT_ACTOR_ISOLATION = MainActor;
				SWIFT_EMIT_LOC_STRINGS = YES;
				TARGETED_DEVICE_FAMILY = "1,2";
			};
			name = Release;
		};
/* End XCBuildConfiguration section */

/* Begin XCConfigurationList section */
		H10000000000000000000001 /* Build configuration list for PBXProject "BaiduFM" */ = {
			isa = XCConfigurationList;
			buildConfigurations = (
				G10000000000000000000001 /* Debug */,
				G10000000000000000000002 /* Release */,
			);
			defaultConfigurationIsVisible = 0;
			defaultConfigurationName = Release;
		};
		H10000000000000000000002 /* Build configuration list for PBXNativeTarget "BaiduFMApp" */ = {
			isa = XCConfigurationList;
			buildConfigurations = (
				G10000000000000000000003 /* Debug */,
				G10000000000000000000004 /* Release */,
			);
			defaultConfigurationIsVisible = 0;
			defaultConfigurationName = Release;
		};
/* End XCConfigurationList section */

/* Begin XCLocalSwiftPackageReference section */
		I10000000000000000000001 /* XCLocalSwiftPackageReference "." */ = {
			isa = XCLocalSwiftPackageReference;
			relativePath = .;
		};
/* End XCLocalSwiftPackageReference section */

/* Begin XCSwiftPackageProductDependency section */
		I10000000000000000000002 /* BaiduFM */ = {
			isa = XCSwiftPackageProductDependency;
			package = I10000000000000000000001 /* XCLocalSwiftPackageReference "." */;
			productName = BaiduFM;
		};
/* End XCSwiftPackageProductDependency section */
	};
	rootObject = F10000000000000000000001 /* Project object */;
}
