// !$*UTF8*$!
{
	archiveVersion = 1;
	classes = {
	};
	objectVersion = 46;
	objects = {

/* Begin PBXBuildFile section */
		672EA3401AEC6E2800E6F9AE /* DataManager.swift in Sources */ = {isa = PBXBuildFile; fileRef = 672EA33F1AEC6E2800E6F9AE /* DataManager.swift */; };
		6749F3851AEC7F5700A892ED /* Song.swift in Sources */ = {isa = PBXBuildFile; fileRef = 6749F3831AEC7F5700A892ED /* Song.swift */; };
		6749F3861AEC7F5700A892ED /* Channel.swift in Sources */ = {isa = PBXBuildFile; fileRef = 6749F3841AEC7F5700A892ED /* Channel.swift */; };
		6749F38C1AEC7F6700A892ED /* Common.swift in Sources */ = {isa = PBXBuildFile; fileRef = 6749F3881AEC7F6700A892ED /* Common.swift */; };
		6749F38D1AEC7F6700A892ED /* Common.swift in Sources */ = {isa = PBXBuildFile; fileRef = 6749F3881AEC7F6700A892ED /* Common.swift */; };
		6749F38E1AEC7F6700A892ED /* Const.swift in Sources */ = {isa = PBXBuildFile; fileRef = 6749F3891AEC7F6700A892ED /* Const.swift */; };
		6749F38F1AEC7F6700A892ED /* Const.swift in Sources */ = {isa = PBXBuildFile; fileRef = 6749F3891AEC7F6700A892ED /* Const.swift */; };
		6749F3901AEC7F6700A892ED /* HttpRequest.swift in Sources */ = {isa = PBXBuildFile; fileRef = 6749F38A1AEC7F6700A892ED /* HttpRequest.swift */; };
		6749F3911AEC7F6700A892ED /* HttpRequest.swift in Sources */ = {isa = PBXBuildFile; fileRef = 6749F38A1AEC7F6700A892ED /* HttpRequest.swift */; };
		6749F3921AEC7F6700A892ED /* Utils.swift in Sources */ = {isa = PBXBuildFile; fileRef = 6749F38B1AEC7F6700A892ED /* Utils.swift */; };
		6749F3931AEC7F6700A892ED /* Utils.swift in Sources */ = {isa = PBXBuildFile; fileRef = 6749F38B1AEC7F6700A892ED /* Utils.swift */; };
		6749F3941AEC7FA500A892ED /* Song.swift in Sources */ = {isa = PBXBuildFile; fileRef = 6749F3831AEC7F5700A892ED /* Song.swift */; };
		6749F3951AEC7FA500A892ED /* Channel.swift in Sources */ = {isa = PBXBuildFile; fileRef = 6749F3841AEC7F5700A892ED /* Channel.swift */; };
		6783E0341AE0D6E400D9D5FC /* AVFoundation.framework in Frameworks */ = {isa = PBXBuildFile; fileRef = 6783E0321AE0D6D800D9D5FC /* AVFoundation.framework */; };
		679796B61AEC579200FF780F /* DataCenter.swift in Sources */ = {isa = PBXBuildFile; fileRef = 679796AE1AEC574800FF780F /* DataCenter.swift */; };
		67B3F1901AE1DA3F0061068C /* FMDatabase.m in Sources */ = {isa = PBXBuildFile; fileRef = 67B3F1861AE1DA3F0061068C /* FMDatabase.m */; };
		67B3F1911AE1DA3F0061068C /* FMDatabaseAdditions.m in Sources */ = {isa = PBXBuildFile; fileRef = 67B3F1881AE1DA3F0061068C /* FMDatabaseAdditions.m */; };
		67B3F1921AE1DA3F0061068C /* FMDatabasePool.m in Sources */ = {isa = PBXBuildFile; fileRef = 67B3F18A1AE1DA3F0061068C /* FMDatabasePool.m */; };
		67B3F1931AE1DA3F0061068C /* FMDatabaseQueue.m in Sources */ = {isa = PBXBuildFile; fileRef = 67B3F18C1AE1DA3F0061068C /* FMDatabaseQueue.m */; };
		67B3F1941AE1DA3F0061068C /* FMResultSet.m in Sources */ = {isa = PBXBuildFile; fileRef = 67B3F18F1AE1DA3F0061068C /* FMResultSet.m */; };
		67B3F1961AE1DA590061068C /* libsqlite3.dylib in Frameworks */ = {isa = PBXBuildFile; fileRef = 67B3F1951AE1DA590061068C /* libsqlite3.dylib */; };
		67B9C32E1AEBF61E00107696 /* BaseDb.swift in Sources */ = {isa = PBXBuildFile; fileRef = 67B9C32C1AEBF61E00107696 /* BaseDb.swift */; };
		67B9C32F1AEBF61E00107696 /* SongList.swift in Sources */ = {isa = PBXBuildFile; fileRef = 67B9C32D1AEBF61E00107696 /* SongList.swift */; };
		67B9C3451AEBF63100107696 /* ChannelTableViewController.swift in Sources */ = {isa = PBXBuildFile; fileRef = 67B9C33E1AEBF63100107696 /* ChannelTableViewController.swift */; };
		67B9C3481AEBF63100107696 /* DownloadTableViewController.swift in Sources */ = {isa = PBXBuildFile; fileRef = 67B9C33F1AEBF63100107696 /* DownloadTableViewController.swift */; };
		67B9C34B1AEBF63100107696 /* LikeTableViewController.swift in Sources */ = {isa = PBXBuildFile; fileRef = 67B9C3401AEBF63100107696 /* LikeTableViewController.swift */; };
		67B9C34E1AEBF63100107696 /* MusicListTableViewController.swift in Sources */ = {isa = PBXBuildFile; fileRef = 67B9C3411AEBF63100107696 /* MusicListTableViewController.swift */; };
		67B9C3511AEBF63100107696 /* RecentTableViewController.swift in Sources */ = {isa = PBXBuildFile; fileRef = 67B9C3421AEBF63100107696 /* RecentTableViewController.swift */; };
		67B9C3541AEBF63100107696 /* RoundImageView.swift in Sources */ = {isa = PBXBuildFile; fileRef = 67B9C3431AEBF63100107696 /* RoundImageView.swift */; };
		67B9C3571AEBF63100107696 /* ViewController.swift in Sources */ = {isa = PBXBuildFile; fileRef = 67B9C3441AEBF63100107696 /* ViewController.swift */; };
		67F0AEBF1AD9FF8C000CB588 /* AppDelegate.swift in Sources */ = {isa = PBXBuildFile; fileRef = 67F0AEBE1AD9FF8C000CB588 /* AppDelegate.swift */; };
		67F0AEC41AD9FF8C000CB588 /* Main.storyboard in Resources */ = {isa = PBXBuildFile; fileRef = 67F0AEC21AD9FF8C000CB588 /* Main.storyboard */; };
		67F0AEC61AD9FF8C000CB588 /* Images.xcassets in Resources */ = {isa = PBXBuildFile; fileRef = 67F0AEC51AD9FF8C000CB588 /* Images.xcassets */; };
		67F0AEC91AD9FF8C000CB588 /* LaunchScreen.xib in Resources */ = {isa = PBXBuildFile; fileRef = 67F0AEC71AD9FF8C000CB588 /* LaunchScreen.xib */; };
		67F0AEF01ADA6EFE000CB588 /* MediaPlayer.framework in Frameworks */ = {isa = PBXBuildFile; fileRef = 67F0AEEF1ADA6EFE000CB588 /* MediaPlayer.framework */; };
		F964CFD7279512DD676A4FEE /* Pods_BaiduFM.framework in Frameworks */ = {isa = PBXBuildFile; fileRef = 9DFAF1C2E553F9D6B4D386F3 /* Pods_BaiduFM.framework */; settings = {ATTRIBUTES = (Weak, ); }; };
/* End PBXBuildFile section */

/* Begin PBXCopyFilesBuildPhase section */
		67F0AEE81ADA2751000CB588 /* CopyFiles */ = {
			isa = PBXCopyFilesBuildPhase;
			buildActionMask = 2147483647;
			dstPath = "";
			dstSubfolderSpec = 10;
			files = (
			);
			runOnlyForDeploymentPostprocessing = 0;
		};
/* End PBXCopyFilesBuildPhase section */

/* Begin PBXFileReference section */
		3D93CC2857D85D497AE0052A /* Pods-BaiduFM.release.xcconfig */ = {isa = PBXFileReference; includeInIndex = 1; lastKnownFileType = text.xcconfig; name = "Pods-BaiduFM.release.xcconfig"; path = "Pods/Target Support Files/Pods-BaiduFM/Pods-BaiduFM.release.xcconfig"; sourceTree = "<group>"; };
		672EA33F1AEC6E2800E6F9AE /* DataManager.swift */ = {isa = PBXFileReference; fileEncoding = 4; lastKnownFileType = sourcecode.swift; path = DataManager.swift; sourceTree = "<group>"; };
		673DB82C1ADCB614006D904B /* MyPlayground.playground */ = {isa = PBXFileReference; lastKnownFileType = file.playground; path = MyPlayground.playground; sourceTree = "<group>"; };
		6749F3831AEC7F5700A892ED /* Song.swift */ = {isa = PBXFileReference; fileEncoding = 4; lastKnownFileType = sourcecode.swift; path = Song.swift; sourceTree = "<group>"; };
		6749F3841AEC7F5700A892ED /* Channel.swift */ = {isa = PBXFileReference; fileEncoding = 4; lastKnownFileType = sourcecode.swift; path = Channel.swift; sourceTree = "<group>"; };
		6749F3881AEC7F6700A892ED /* Common.swift */ = {isa = PBXFileReference; fileEncoding = 4; lastKnownFileType = sourcecode.swift; path = Common.swift; sourceTree = "<group>"; };
		6749F3891AEC7F6700A892ED /* Const.swift */ = {isa = PBXFileReference; fileEncoding = 4; lastKnownFileType = sourcecode.swift; path = Const.swift; sourceTree = "<group>"; };
		6749F38A1AEC7F6700A892ED /* HttpRequest.swift */ = {isa = PBXFileReference; fileEncoding = 4; lastKnownFileType = sourcecode.swift; path = HttpRequest.swift; sourceTree = "<group>"; };
		6749F38B1AEC7F6700A892ED /* Utils.swift */ = {isa = PBXFileReference; fileEncoding = 4; lastKnownFileType = sourcecode.swift; path = Utils.swift; sourceTree = "<group>"; };
		6783E0321AE0D6D800D9D5FC /* AVFoundation.framework */ = {isa = PBXFileReference; lastKnownFileType = wrapper.framework; name = AVFoundation.framework; path = System/Library/Frameworks/AVFoundation.framework; sourceTree = SDKROOT; };
		679796AE1AEC574800FF780F /* DataCenter.swift */ = {isa = PBXFileReference; fileEncoding = 4; lastKnownFileType = sourcecode.swift; path = DataCenter.swift; sourceTree = "<group>"; };
		67B3F1811AE1DA2C0061068C /* BaiduFM-Bridging-Header.h */ = {isa = PBXFileReference; lastKnownFileType = sourcecode.c.h; path = "BaiduFM-Bridging-Header.h"; sourceTree = "<group>"; };
		67B3F1851AE1DA3F0061068C /* FMDatabase.h */ = {isa = PBXFileReference; fileEncoding = 4; lastKnownFileType = sourcecode.c.h; path = FMDatabase.h; sourceTree = "<group>"; };
		67B3F1861AE1DA3F0061068C /* FMDatabase.m */ = {isa = PBXFileReference; fileEncoding = 4; lastKnownFileType = sourcecode.c.objc; path = FMDatabase.m; sourceTree = "<group>"; };
		67B3F1871AE1DA3F0061068C /* FMDatabaseAdditions.h */ = {isa = PBXFileReference; fileEncoding = 4; lastKnownFileType = sourcecode.c.h; path = FMDatabaseAdditions.h; sourceTree = "<group>"; };
		67B3F1881AE1DA3F0061068C /* FMDatabaseAdditions.m */ = {isa = PBXFileReference; fileEncoding = 4; lastKnownFileType = sourcecode.c.objc; path = FMDatabaseAdditions.m; sourceTree = "<group>"; };
		67B3F1891AE1DA3F0061068C /* FMDatabasePool.h */ = {isa = PBXFileReference; fileEncoding = 4; lastKnownFileType = sourcecode.c.h; path = FMDatabasePool.h; sourceTree = "<group>"; };
		67B3F18A1AE1DA3F0061068C /* FMDatabasePool.m */ = {isa = PBXFileReference; fileEncoding = 4; lastKnownFileType = sourcecode.c.objc; path = FMDatabasePool.m; sourceTree = "<group>"; };
		67B3F18B1AE1DA3F0061068C /* FMDatabaseQueue.h */ = {isa = PBXFileReference; fileEncoding = 4; lastKnownFileType = sourcecode.c.h; path = FMDatabaseQueue.h; sourceTree = "<group>"; };
		67B3F18C1AE1DA3F0061068C /* FMDatabaseQueue.m */ = {isa = PBXFileReference; fileEncoding = 4; lastKnownFileType = sourcecode.c.objc; path = FMDatabaseQueue.m; sourceTree = "<group>"; };
		67B3F18D1AE1DA3F0061068C /* FMDB.h */ = {isa = PBXFileReference; fileEncoding = 4; lastKnownFileType = sourcecode.c.h; path = FMDB.h; sourceTree = "<group>"; };
		67B3F18E1AE1DA3F0061068C /* FMResultSet.h */ = {isa = PBXFileReference; fileEncoding = 4; lastKnownFileType = sourcecode.c.h; path = FMResultSet.h; sourceTree = "<group>"; };
		67B3F18F1AE1DA3F0061068C /* FMResultSet.m */ = {isa = PBXFileReference; fileEncoding = 4; lastKnownFileType = sourcecode.c.objc; path = FMResultSet.m; sourceTree = "<group>"; };
		67B3F1951AE1DA590061068C /* libsqlite3.dylib */ = {isa = PBXFileReference; lastKnownFileType = "compiled.mach-o.dylib"; name = libsqlite3.dylib; path = usr/lib/libsqlite3.dylib; sourceTree = SDKROOT; };
		67B9C32C1AEBF61E00107696 /* BaseDb.swift */ = {isa = PBXFileReference; fileEncoding = 4; lastKnownFileType = sourcecode.swift; path = BaseDb.swift; sourceTree = "<group>"; };
		67B9C32D1AEBF61E00107696 /* SongList.swift */ = {isa = PBXFileReference; fileEncoding = 4; lastKnownFileType = sourcecode.swift; path = SongList.swift; sourceTree = "<group>"; };
		67B9C33E1AEBF63100107696 /* ChannelTableViewController.swift */ = {isa = PBXFileReference; fileEncoding = 4; lastKnownFileType = sourcecode.swift; path = ChannelTableViewController.swift; sourceTree = "<group>"; };
		67B9C33F1AEBF63100107696 /* DownloadTableViewController.swift */ = {isa = PBXFileReference; fileEncoding = 4; lastKnownFileType = sourcecode.swift; path = DownloadTableViewController.swift; sourceTree = "<group>"; };
		67B9C3401AEBF63100107696 /* LikeTableViewController.swift */ = {isa = PBXFileReference; fileEncoding = 4; lastKnownFileType = sourcecode.swift; path = LikeTableViewController.swift; sourceTree = "<group>"; };
		67B9C3411AEBF63100107696 /* MusicListTableViewController.swift */ = {isa = PBXFileReference; fileEncoding = 4; lastKnownFileType = sourcecode.swift; path = MusicListTableViewController.swift; sourceTree = "<group>"; };
		67B9C3421AEBF63100107696 /* RecentTableViewController.swift */ = {isa = PBXFileReference; fileEncoding = 4; lastKnownFileType = sourcecode.swift; path = RecentTableViewController.swift; sourceTree = "<group>"; };
		67B9C3431AEBF63100107696 /* RoundImageView.swift */ = {isa = PBXFileReference; fileEncoding = 4; lastKnownFileType = sourcecode.swift; path = RoundImageView.swift; sourceTree = "<group>"; };
		67B9C3441AEBF63100107696 /* ViewController.swift */ = {isa = PBXFileReference; fileEncoding = 4; lastKnownFileType = sourcecode.swift; path = ViewController.swift; sourceTree = "<group>"; };
		67F0AEB91AD9FF8C000CB588 /* BaiduFM.app */ = {isa = PBXFileReference; explicitFileType = wrapper.application; includeInIndex = 0; path = BaiduFM.app; sourceTree = BUILT_PRODUCTS_DIR; };
		67F0AEBD1AD9FF8C000CB588 /* Info.plist */ = {isa = PBXFileReference; lastKnownFileType = text.plist.xml; path = Info.plist; sourceTree = "<group>"; };
		67F0AEBE1AD9FF8C000CB588 /* AppDelegate.swift */ = {isa = PBXFileReference; lastKnownFileType = sourcecode.swift; path = AppDelegate.swift; sourceTree = "<group>"; };
		67F0AEC31AD9FF8C000CB588 /* Base */ = {isa = PBXFileReference; lastKnownFileType = file.storyboard; name = Base; path = Base.lproj/Main.storyboard; sourceTree = "<group>"; };
		67F0AEC51AD9FF8C000CB588 /* Images.xcassets */ = {isa = PBXFileReference; lastKnownFileType = folder.assetcatalog; path = Images.xcassets; sourceTree = "<group>"; };
		67F0AEC81AD9FF8C000CB588 /* Base */ = {isa = PBXFileReference; lastKnownFileType = file.xib; name = Base; path = Base.lproj/LaunchScreen.xib; sourceTree = "<group>"; };
		67F0AEEF1ADA6EFE000CB588 /* MediaPlayer.framework */ = {isa = PBXFileReference; lastKnownFileType = wrapper.framework; name = MediaPlayer.framework; path = System/Library/Frameworks/MediaPlayer.framework; sourceTree = SDKROOT; };
		7676E308C864DAF9BA887037 /* Pods-BaiduFM.debug.xcconfig */ = {isa = PBXFileReference; includeInIndex = 1; lastKnownFileType = text.xcconfig; name = "Pods-BaiduFM.debug.xcconfig"; path = "Pods/Target Support Files/Pods-BaiduFM/Pods-BaiduFM.debug.xcconfig"; sourceTree = "<group>"; };
		9DFAF1C2E553F9D6B4D386F3 /* Pods_BaiduFM.framework */ = {isa = PBXFileReference; explicitFileType = wrapper.framework; includeInIndex = 0; path = Pods_BaiduFM.framework; sourceTree = BUILT_PRODUCTS_DIR; };
		A6E941182AD3214500C1B479 /* Info.plist */ = {isa = PBXFileReference; lastKnownFileType = text.plist.xml; path = "BaiduFMTests/Info.plist"; sourceTree = "<group>"; };
/* End PBXFileReference section */

/* Begin PBXFrameworksBuildPhase section */
		67F0AEB61AD9FF8C000CB588 /* Frameworks */ = {
			isa = PBXFrameworksBuildPhase;
			buildActionMask = 2147483647;
			files = (
				67B3F1961AE1DA590061068C /* libsqlite3.dylib in Frameworks */,
				6783E0341AE0D6E400D9D5FC /* AVFoundation.framework in Frameworks */,
				67F0AEF01ADA6EFE000CB588 /* MediaPlayer.framework in Frameworks */,
				F964CFD7279512DD676A4FEE /* Pods_BaiduFM.framework in Frameworks */,
			);
			runOnlyForDeploymentPostprocessing = 0;
		};
/* End PBXFrameworksBuildPhase section */

/* Begin PBXGroup section */
		6749F3871AEC7F6700A892ED /* Common */ = {
			isa = PBXGroup;
			children = (
				6749F3881AEC7F6700A892ED /* Common.swift */,
				6749F3891AEC7F6700A892ED /* Const.swift */,
				6749F38A1AEC7F6700A892ED /* HttpRequest.swift */,
				6749F38B1AEC7F6700A892ED /* Utils.swift */,
			);
			path = Common;
			sourceTree = "<group>";
		};
		679796AC1AEC574800FF780F /* Model */ = {
			isa = PBXGroup;
			children = (
				672EA33F1AEC6E2800E6F9AE /* DataManager.swift */,
				6749F3831AEC7F5700A892ED /* Song.swift */,
				6749F3841AEC7F5700A892ED /* Channel.swift */,
				679796AE1AEC574800FF780F /* DataCenter.swift */,
			);
			path = Model;
			sourceTree = "<group>";
		};
		67B3F1821AE1DA2C0061068C /* Libs */ = {
			isa = PBXGroup;
			children = (
				67B3F1841AE1DA2C0061068C /* fmdb */,
			);
			path = Libs;
			sourceTree = "<group>";
		};
		67B3F1841AE1DA2C0061068C /* fmdb */ = {
			isa = PBXGroup;
			children = (
				67B3F18D1AE1DA3F0061068C /* FMDB.h */,
				67B3F1851AE1DA3F0061068C /* FMDatabase.h */,
				67B3F1861AE1DA3F0061068C /* FMDatabase.m */,
				67B3F1871AE1DA3F0061068C /* FMDatabaseAdditions.h */,
				67B3F1881AE1DA3F0061068C /* FMDatabaseAdditions.m */,
				67B3F1891AE1DA3F0061068C /* FMDatabasePool.h */,
				67B3F18A1AE1DA3F0061068C /* FMDatabasePool.m */,
				67B3F18B1AE1DA3F0061068C /* FMDatabaseQueue.h */,
				67B3F18C1AE1DA3F0061068C /* FMDatabaseQueue.m */,
				67B3F18E1AE1DA3F0061068C /* FMResultSet.h */,
				67B3F18F1AE1DA3F0061068C /* FMResultSet.m */,
			);
			path = fmdb;
			sourceTree = "<group>";
		};
		67B9C3461AEBF63100107696 /* Views */ = {
			isa = PBXGroup;
			children = (
				67B9C3431AEBF63100107696 /* RoundImageView.swift */,
				67B9C3561AEBF63100107696 /* Modern */,
			);
			path = Views;
			sourceTree = "<group>";
		};
		67B9C3561AEBF63100107696 /* Modern */ = {
			isa = PBXGroup;
			children = (
				67B9C33E1AEBF63100107696 /* ChannelTableViewController.swift */,
				67B9C3401AEBF63100107696 /* LikeTableViewController.swift */,
				67B9C3411AEBF63100107696 /* MusicListTableViewController.swift */,
				67B9C3421AEBF63100107696 /* RecentTableViewController.swift */,
				67B9C33F1AEBF63100107696 /* DownloadTableViewController.swift */,
				67B9C3441AEBF63100107696 /* ViewController.swift */,
			);
			path = Modern;
			sourceTree = "<group>";
		};
		67F0AEB21AD9FF8C000CB588 = {
			isa = PBXGroup;
			children = (
				673DB82C1ADCB614006D904B /* MyPlayground.playground */,
				67F0AEBA1AD9FF8C000CB588 /* BaiduFM */,
				A6E941162AD3214500C1B479 /* BaiduFMTests */,
				67F0AEB71AD9FF8C000CB588 /* Frameworks */,
				67F0AEB81AD9FF8C000CB588 /* Products */,
				A6E941192AD3214500C1B479 /* Pods */,
				A6E9411D2AD3217000C1B479 /* Package Dependencies */,
				67B3F1811AE1DA2C0061068C /* BaiduFM-Bridging-Header.h */,
			);
			sourceTree = "<group>";
		};
		67F0AEB71AD9FF8C000CB588 /* Frameworks */ = {
			isa = PBXGroup;
			children = (
				6783E0321AE0D6D800D9D5FC /* AVFoundation.framework */,
				67F0AEF01ADA6EFE000CB588 /* MediaPlayer.framework */,
				67B3F1951AE1DA590061068C /* libsqlite3.dylib */,
				9DFAF1C2E553F9D6B4D386F3 /* Pods_BaiduFM.framework */,
			);
			sourceTree = "<group>";
		};
		67F0AEB81AD9FF8C000CB588 /* Products */ = {
			isa = PBXGroup;
			children = (
				67F0AEB91AD9FF8C000CB588 /* BaiduFM.app */,
			);
			name = Products;
			sourceTree = "<group>";
		};
		67F0AEBA1AD9FF8C000CB588 /* BaiduFM */ = {
			isa = PBXGroup;
			children = (
				67F0AEBE1AD9FF8C000CB588 /* AppDelegate.swift */,
				67F0AEC21AD9FF8C000CB588 /* Main.storyboard */,
				67F0AEC51AD9FF8C000CB588 /* Images.xcassets */,
				67F0AEC71AD9FF8C000CB588 /* LaunchScreen.xib */,
				67F0AEBC1AD9FF8C000CB588 /* Info.plist */,
				6749F3871AEC7F6700A892ED /* Common */,
				679796AC1AEC574800FF780F /* Model */,
				67B3F1821AE1DA2C0061068C /* Libs */,
				67B9C3461AEBF63100107696 /* Views */,
				67B9C32E1AEBF61E00107696 /* BaseDb.swift */,
				67B9C32F1AEBF61E00107696 /* SongList.swift */,
			);
			path = BaiduFM;
			sourceTree = "<group>";
		};
		A6E941162AD3214500C1B479 /* BaiduFMTests */ = {
			isa = PBXGroup;
			children = (
				A6E941182AD3214500C1B479 /* Info.plist */,
			);
			path = BaiduFMTests;
			sourceTree = "<group>";
		};
		A6E941192AD3214500C1B479 /* Pods */ = {
			isa = PBXGroup;
			children = (
				7676E308C864DAF9BA887037 /* Pods-BaiduFM.debug.xcconfig */,
				3D93CC2857D85D497AE0052A /* Pods-BaiduFM.release.xcconfig */,
			);
			name = Pods;
			sourceTree = "<group>";
		};
		A6E9411D2AD3217000C1B479 /* Package Dependencies */ = {
			isa = PBXGroup;
			children = (
			);
			name = "Package Dependencies";
			sourceTree = "<group>";
		};
/* End PBXGroup section */

/* Begin PBXNativeTarget section */
		67F0AEB31AD9FF8C000CB588 /* BaiduFM */ = {
			isa = PBXNativeTarget;
			buildConfigurationList = 67F0AED21AD9FF8C000CB588 /* Build configuration list for PBXNativeTarget "BaiduFM" */;
			buildPhases = (
				A6E941172AD3214500C1B479 /* [CP] Check Pods Manifest.lock */,
				67F0AEB41AD9FF8C000CB588 /* Sources */,
				67F0AEB61AD9FF8C000CB588 /* Frameworks */,
				67F0AEB51AD9FF8C000CB588 /* Resources */,
				A6E9411A2AD3214500C1B479 /* [CP] Embed Pods Frameworks */,
				A6E9411B2AD3214500C1B479 /* [CP] Copy Pods Resources */,
			);
			buildRules = (
			);
			dependencies = (
				A6E941B02AD3214500C1B479 /* PBXTargetDependency */,
			);
			name = BaiduFM;
			productName = BaiduFM;
			productReference = 67F0AEB91AD9FF8C000CB588 /* BaiduFM.app */;
			productType = "com.apple.product-type.application";
		};
		A6E941152AD3214500C1B479 /* BaiduFMTests */ = {
			isa = PBXNativeTarget;
			buildConfigurationList = A6E9411C2AD3214500C1B479 /* Build configuration list for PBXNativeTarget "BaiduFMTests" */;
			buildPhases = (
				67F0AEB41AD9FF8C000CB588 /* Sources */,
				67F0AEB61AD9FF8C000CB588 /* Frameworks */,
				67F0AEB51AD9FF8C000CB588 /* Resources */,
			);
			buildRules = (
			);
			dependencies = (
				A6E941B02AD3214500C1B479 /* PBXTargetDependency */,
			);
			name = BaiduFMTests;
			productName = BaiduFMTests;
			productReference = 67F0AEB91AD9FF8C000CB588 /* BaiduFM.app */;
			productType = "com.apple.product-type.bundle.unit-test";
		};
/* End PBXNativeTarget section */

/* Begin PBXProject section */
		67F0AEB11AD9FF8C000CB588 /* Project object */ = {
			isa = PBXProject;
			attributes = {
				LastSwiftUpdateCheck = 0720;
				LastUpgradeCheck = 0720;
				ORGANIZATIONNAME = lumeng;
				TargetAttributes = {
					67F0AEB31AD9FF8C000CB588 = {
						CreatedOnToolsVersion = 6.3.2;
					};
				};
			};
			buildConfigurationList = 67F0AED11AD9FF8C000CB588 /* Build configuration list for PBXProject "BaiduFM" */;
			compatibilityVersion = "Xcode 3.2";
			developmentRegion = English;
			hasScannedForEncodings = 0;
			mainGroup = 67F0AEB21AD9FF8C000CB588;
			productRefGroup = 67F0AEB81AD9FF8C000CB588 /* Products */;
			projectDirPath = "";
			projectRoot = "";
			targets = (
				67F0AEB31AD9FF8C000CB588 /* BaiduFM */,
				A6E941152AD3214500C1B479 /* BaiduFMTests */,
			);
		};
/* End PBXProject section */

/* Begin PBXResourcesBuildPhase section */
		67F0AEB51AD9FF8C000CB588 /* Resources */ = {
			isa = PBXResourcesBuildPhase;
			buildActionMask = 2147483647;
			files = (
				67F0AEC91AD9FF8C000CB588 /* LaunchScreen.xib in Resources */,
				67F0AEC61AD9FF8C000CB588 /* Images.xcassets in Resources */,
				67F0AEC41AD9FF8C000CB588 /* Main.storyboard in Resources */,
			);
			runOnlyForDeploymentPostprocessing = 0;
		};
/* End PBXResourcesBuildPhase section */

/* Begin PBXSourcesBuildPhase section */
		67F0AEB41AD9FF8C000CB588 /* Sources */ = {
			isa = PBXSourcesBuildPhase;
			buildActionMask = 2147483647;
			files = (
				672EA3401AEC6E2800E6F9AE /* DataManager.swift in Sources */,
				67B9C3571AEBF63100107696 /* ViewController.swift in Sources */,
				67B9C3541AEBF63100107696 /* RoundImageView.swift in Sources */,
				67B9C3481AEBF63100107696 /* DownloadTableViewController.swift in Sources */,
				6749F3911AEC7F6700A892ED /* HttpRequest.swift in Sources */,
				67B9C32F1AEBF61E00107696 /* SongList.swift in Sources */,
				6749F38D1AEC7F6700A892ED /* Common.swift in Sources */,
				6749F38F1AEC7F6700A892ED /* Const.swift in Sources */,
				6749F3931AEC7F6700A892ED /* Utils.swift in Sources */,
				67B9C34B1AEBF63100107696 /* LikeTableViewController.swift in Sources */,
				67B9C32E1AEBF61E00107696 /* BaseDb.swift in Sources */,
				6749F3951AEC7FA500A892ED /* Channel.swift in Sources */,
				67B3F1911AE1DA3F0061068C /* FMDatabaseAdditions.m in Sources */,
				67F0AEBF1AD9FF8C000CB588 /* AppDelegate.swift in Sources */,
				67B3F1931AE1DA3F0061068C /* FMDatabaseQueue.m in Sources */,
				67B3F1941AE1DA3F0061068C /* FMResultSet.m in Sources */,
				67B3F1901AE1DA3F0061068C /* FMDatabase.m in Sources */,
				67B9C3451AEBF63100107696 /* ChannelTableViewController.swift in Sources */,
				67B9C34E1AEBF63100107696 /* MusicListTableViewController.swift in Sources */,
				679796B61AEC579200FF780F /* DataCenter.swift in Sources */,
				67B3F1921AE1DA3F0061068C /* FMDatabasePool.m in Sources */,
				67B9C3511AEBF63100107696 /* RecentTableViewController.swift in Sources */,
				6749F3941AEC7FA500A892ED /* Song.swift in Sources */,
			);
			runOnlyForDeploymentPostprocessing = 0;
		};
/* End PBXSourcesBuildPhase section */

/* Begin PBXShellScriptBuildPhase section */
		A6E941172AD3214500C1B479 /* [CP] Check Pods Manifest.lock */ = {
			isa = PBXShellScriptBuildPhase;
			buildActionMask = 2147483647;
			files = (
			);
			inputFileListPaths = (
			);
			name = "[CP] Check Pods Manifest.lock";
			outputFileListPaths = (
			);
			runOnlyForDeploymentPostprocessing = 0;
			shellPath = /bin/sh;
			shellScript = "diff \\\"${PODS_ROOT}/../Podfile.lock\\\" \\\"${PODS_ROOT}/Manifest.lock\\\" > /dev/null\\nif [ $? != 0 ] ; then\\n    # print error to Xcode's issue navigator\\n    echo \\\"error: The sandbox is not in sync with the Podfile.lock. Run 'pod install' or update your CocoaPods installation.\\\" >&2\\n    exit 1\\nfi";
			showEnvVarsInLog = 0;
		};
		A6E9411A2AD3214500C1B479 /* [CP] Embed Pods Frameworks */ = {
			isa = PBXShellScriptBuildPhase;
			buildActionMask = 2147483647;
			files = (
			);
			inputFileListPaths = (
			);
			name = "[CP] Embed Pods Frameworks";
			outputFileListPaths = (
			);
			runOnlyForDeploymentPostprocessing = 0;
			shellPath = /bin/sh;
			shellScript = "\\\"${PODS_ROOT}/Target Support Files/Pods-BaiduFM/Pods-BaiduFM-frameworks.sh\\\"";
			showEnvVarsInLog = 0;
		};
		A6E9411B2AD3214500C1B479 /* [CP] Copy Pods Resources */ = {
			isa = PBXShellScriptBuildPhase;
			buildActionMask = 2147483647;
			files = (
			);
			inputFileListPaths = (
			);
			name = "[CP] Copy Pods Resources";
			outputFileListPaths = (
			);
			runOnlyForDeploymentPostprocessing = 0;
			shellPath = /bin/sh;
			shellScript = "\\\"${PODS_ROOT}/Target Support Files/Pods-BaiduFM/Pods-BaiduFM-resources.sh\\\"";
			showEnvVarsInLog = 0;
		};
/* End PBXShellScriptBuildPhase section */

/* Begin PBXTargetDependency section */
		A6E941B02AD3214500C1B479 /* PBXTargetDependency */ = {
			isa = PBXTargetDependency;
			target = 67F0AEB31AD9FF8C000CB588 /* BaiduFM */;
			targetProxy = A6E941A52AD3214500C1B479 /* PBXContainerItemProxy */;
		};
/* End PBXTargetDependency section */

/* Begin PBXContainerItemProxy section */
	A6E941A52AD3214500C1B479 /* PBXContainerItemProxy */ = {
		isa = PBXContainerItemProxy;
		containerPortal = 67F0AEB11AD9FF8C000CB588 /* Project object */;
		proxyType = 1;
		remoteGlobalIDString = 67F0AEB31AD9FF8C000CB588;
		remoteInfo = BaiduFM;
	};
/* End PBXContainerItemProxy section */

/* Begin PBXVariantGroup section */
		67F0AEC31AD9FF8C000CB588 /* Base */ = {
			isa = PBXVariantGroup;
			children = (
				67F0AEC21AD9FF8C000CB588 /* Main.storyboard */,
			);
			name = Base;
			sourceTree = "<group>";
		};
		67F0AEC81AD9FF8C000CB588 /* Base */ = {
			isa = PBXVariantGroup;
			children = (
				67F0AEC71AD9FF8C000CB588 /* LaunchScreen.xib */,
			);
			name = Base;
			sourceTree = "<group>";
		};
/* End PBXVariantGroup section */

/* Begin XCBuildConfiguration section */
		3D93CC2757D85D497AE0052A /* Release */ = {
			isa = XCBuildConfiguration;
			baseConfigurationReference = 3D93CC2857D85D497AE0052A /* Pods-BaiduFM.release.xcconfig */;
			buildSettings = {
				ASSETCATALOG_COMPILER_APPICON_NAME = AppIcon;
				CODE_SIGN_ENTITLEMENTS = "BaiduFM/BaiduFM.entitlements";
				"CODE_SIGN_IDENTITY[sdk=iphoneos*]" = "iPhone Developer";
				INFOPLIST_FILE = "BaiduFM/Info.plist";
				IPHONEOS_DEPLOYMENT_TARGET = 13.0;
				LD_RUNPATH_SEARCH_PATHS = "$(inherited) @executable_path/Frameworks @executable_path/../../Frameworks";
				PRODUCT_BUNDLE_IDENTIFIER = com.lumeng.BaiduFM;
				PRODUCT_NAME = "$(TARGET_NAME)";
				SWIFT_OBJC_BRIDGING_HEADER = "BaiduFM/BaiduFM-Bridging-Header.h";
				SWIFT_OPTIMIZATION_LEVEL = "-Owholemodule";
				SWIFT_VERSION = 5.0;
			};
			name = Release;
		};
		A6E9411E2AD3214500C1B479 /* Debug */ = {
			isa = XCBuildConfiguration;
			buildSettings = {
				PRODUCT_NAME = BaiduFMTests;
			};
			name = Debug;
		};
		A6E9411F2AD3214500C1B479 /* Release */ = {
			isa = XCBuildConfiguration;
			buildSettings = {
				PRODUCT_NAME = BaiduFMTests;
			};
			name = Release;
		};
		7676E307C864DAF9BA887037 /* Debug */ = {
			isa = XCBuildConfiguration;
			baseConfigurationReference = 7676E308C864DAF9BA887037 /* Pods-BaiduFM.debug.xcconfig */;
			buildSettings = {
				ASSETCATALOG_COMPILER_APPICON_NAME = AppIcon;
				CODE_SIGN_ENTITLEMENTS = "BaiduFM/BaiduFM.entitlements";
				"CODE_SIGN_IDENTITY[sdk=iphoneos*]" = "iPhone Developer";
				INFOPLIST_FILE = "BaiduFM/Info.plist";
				IPHONEOS_DEPLOYMENT_TARGET = 13.0;
				LD_RUNPATH_SEARCH_PATHS = "$(inherited) @executable_path/Frameworks @executable_path/../../Frameworks";
				PRODUCT_BUNDLE_IDENTIFIER = com.lumeng.BaiduFM;
				PRODUCT_NAME = "$(TARGET_NAME)";
				SWIFT_OBJC_BRIDGING_HEADER = "BaiduFM/BaiduFM-Bridging-Header.h";
				SWIFT_VERSION = 5.0;
			};
			name = Debug;
		};
/* End XCBuildConfiguration section */

/* Begin XCConfigurationList section */
		67F0AED11AD9FF8C000CB588 /* Build configuration list for PBXProject "BaiduFM" */ = {
			isa = XCConfigurationList;
			buildConfigurations = (
				A6E9411E2AD3214500C1B479 /* Debug */,
				A6E9411F2AD3214500C1B479 /* Release */,
			);
			defaultConfigurationIsVisible = 0;
			defaultConfigurationName = Release;
		};
		67F0AED21AD9FF8C000CB588 /* Build configuration list for PBXNativeTarget "BaiduFM" */ = {
			isa = XCConfigurationList;
			buildConfigurations = (
				7676E307C864DAF9BA887037 /* Debug */,
				3D93CC2757D85D497AE0052A /* Release */,
			);
			defaultConfigurationIsVisible = 0;
			defaultConfigurationName = Release;
		};
		A6E9411C2AD3214500C1B479 /* Build configuration list for PBXNativeTarget "BaiduFMTests" */ = {
			isa = XCConfigurationList;
			buildConfigurations = (
				A6E9411E2AD3214500C1B479 /* Debug */,
				A6E9411F2AD3214500C1B479 /* Release */,
			);
			defaultConfigurationIsVisible = 0;
			defaultConfigurationName = Release;
		};
/* End XCConfigurationList section */
	};
	rootObject = 67F0AEB11AD9FF8C000CB588 /* Project object */;
}
